Microsoft Visual Studio Solution File, Format Version 11.00
# Visual Studio 2010
# SharpDevelop 3.0.0.3800
Project("FAE04EC0-301F-11D3-BF4B-00C04F79EFBC") = "MemberSearchAPI", "MemberSearchAPI.csproj", "{4AB015AB-78D6-4ED6-A96E-C401D0FE4D13}"
EndProject
Global
	GlobalSection(SolutionConfigurationPlatforms) = preSolution
		Debug|Any CPU = Debug|Any CPU
		Release|Any CPU = Release|Any CPU
	EndGlobalSection
	GlobalSection(ProjectConfigurationPlatforms) = postSolution
		{4AB015AB-78D6-4ED6-A96E-C401D0FE4D13}.Debug|Any CPU.Build.0 = Debug|Any CPU
		{4AB015AB-78D6-4ED6-A96E-C401D0FE4D13}.Debug|Any CPU.ActiveCfg = Debug|Any CPU
		{4AB015AB-78D6-4ED6-A96E-C401D0FE4D13}.Release|Any CPU.Build.0 = Release|Any CPU
		{4AB015AB-78D6-4ED6-A96E-C401D0FE4D13}.Release|Any CPU.ActiveCfg = Release|Any CPU
	EndGlobalSection
EndGlobal