
Microsoft Visual Studio Solution File, Format Version 11.00
# Visual Studio 2010
Project("{FAE04EC0-301F-11D3-BF4B-00C04F79EFBC}") = "MemberAccountsService", "MemberAccountsService\MemberAccountsService.csproj", "{A7F5F6E1-7DB9-45E0-BDC5-7B3FD9A4CBDB}"
EndProject
Project("{FAE04EC0-301F-11D3-BF4B-00C04F79EFBC}") = "ClaimProcessingService", "ClaimProcessingService\ClaimProcessingService.csproj", "{1F9D12B6-97A2-44B7-9F36-7AFDFBED8CF9}"
EndProject
Project("{FAE04EC0-301F-11D3-BF4B-00C04F79EFBC}") = "GUIClient", "GUIClient\GUIClient.csproj", "{1C42EC70-6582-456A-9FFF-F643DE33C5E8}"
EndProject
Global
	GlobalSection(SolutionConfigurationPlatforms) = preSolution
		Debug|x86 = Debug|x86
		Release|x86 = Release|x86
	EndGlobalSection
	GlobalSection(ProjectConfigurationPlatforms) = postSolution
		{A7F5F6E1-7DB9-45E0-BDC5-7B3FD9A4CBDB}.Debug|x86.ActiveCfg = Debug|x86
		{A7F5F6E1-7DB9-45E0-BDC5-7B3FD9A4CBDB}.Debug|x86.Build.0 = Debug|x86
		{A7F5F6E1-7DB9-45E0-BDC5-7B3FD9A4CBDB}.Release|x86.ActiveCfg = Release|x86
		{A7F5F6E1-7DB9-45E0-BDC5-7B3FD9A4CBDB}.Release|x86.Build.0 = Release|x86
		{1F9D12B6-97A2-44B7-9F36-7AFDFBED8CF9}.Debug|x86.ActiveCfg = Debug|x86
		{1F9D12B6-97A2-44B7-9F36-7AFDFBED8CF9}.Debug|x86.Build.0 = Debug|x86
		{1F9D12B6-97A2-44B7-9F36-7AFDFBED8CF9}.Release|x86.ActiveCfg = Release|x86
		{1F9D12B6-97A2-44B7-9F36-7AFDFBED8CF9}.Release|x86.Build.0 = Release|x86
		{1C42EC70-6582-456A-9FFF-F643DE33C5E8}.Debug|x86.ActiveCfg = Debug|x86
		{1C42EC70-6582-456A-9FFF-F643DE33C5E8}.Debug|x86.Build.0 = Debug|x86
		{1C42EC70-6582-456A-9FFF-F643DE33C5E8}.Release|x86.ActiveCfg = Release|x86
		{1C42EC70-6582-456A-9FFF-F643DE33C5E8}.Release|x86.Build.0 = Release|x86
	EndGlobalSection
	GlobalSection(SolutionProperties) = preSolution
		HideSolutionNode = FALSE
	EndGlobalSection
EndGlobal
